
Microsoft Visual Studio Solution File, Format Version 12.00
# Visual Studio Version 16
VisualStudioVersion = 16.0.31424.327
MinimumVisualStudioVersion = 10.0.40219.1
Project("{FAE04EC0-301F-11D3-BF4B-00C04F79EFBC}") = "SudokuSolver", "SudokuSolver\SudokuSolver.csproj", "{4AA4CB06-D892-4771-8190-AC5F966FEACC}"
EndProject
Global
	GlobalSection(SolutionConfigurationPlatforms) = preSolution
		Debug|Any CPU = Debug|Any CPU
		Release|Any CPU = Release|Any CPU
	EndGlobalSection
	GlobalSection(ProjectConfigurationPlatforms) = postSolution
		{4AA4CB06-D892-4771-8190-AC5F966FEACC}.Debug|Any CPU.ActiveCfg = Debug|Any CPU
		{4AA4CB06-D892-4771-8190-AC5F966FEACC}.Debug|Any CPU.Build.0 = Debug|Any CPU
		{4AA4CB06-D892-4771-8190-AC5F966FEACC}.Release|Any CPU.ActiveCfg = Release|Any CPU
		{4AA4CB06-D892-4771-8190-AC5F966FEACC}.Release|Any CPU.Build.0 = Release|Any CPU
	EndGlobalSection
	GlobalSection(SolutionProperties) = preSolution
		HideSolutionNode = FALSE
	EndGlobalSection
	GlobalSection(ExtensibilityGlobals) = postSolution
		SolutionGuid = {C99D6C41-E66F-43CF-B69E-D4E1A4B65FA3}
	EndGlobalSection
EndGlobal
